// !$*UTF8*$!
{
	archiveVersion = 1;
	classes = {
	};
	objectVersion = 60;
	objects = {

/* Begin PBXBuildFile section */
		8621DE1F2C83AA6800242B0E /* FairyTalesTests.swift in Sources */ = {isa = PBXBuildFile; fileRef = 8621DE1E2C83AA6800242B0E /* FairyTalesTests.swift */; };
		CD34771D2CEF535B00C3E714 /* ChaptersFeature in Frameworks */ = {isa = PBXBuildFile; productRef = CD34771C2CEF535B00C3E714 /* ChaptersFeature */; };
		CD6A70F82CDEB0BF005E69CA /* AudioRecorder.swift in Sources */ = {isa = PBXBuildFile; fileRef = CD6A70E42CDEB0BF005E69CA /* AudioRecorder.swift */; };
		CD6A70FA2CDEB0BF005E69CA /* FileHelpers.swift in Sources */ = {isa = PBXBuildFile; fileRef = CD6A70E62CDEB0BF005E69CA /* FileHelpers.swift */; };
		CD6A70FE2CDEB0BF005E69CA /* Preview Assets.xcassets in Resources */ = {isa = PBXBuildFile; fileRef = CD6A70EC2CDEB0BF005E69CA /* Preview Assets.xcassets */; };
		CD6A70FF2CDEB0BF005E69CA /* Assets.xcassets in Resources */ = {isa = PBXBuildFile; fileRef = CD6A70EE2CDEB0BF005E69CA /* Assets.xcassets */; };
		CD6A71032CDEB0BF005E69CA /* FairyTalesApp.swift in Sources */ = {isa = PBXBuildFile; fileRef = CD6A70F22CDEB0BF005E69CA /* FairyTalesApp.swift */; };
		CDD6908E2CDEB53900F43532 /* Core in Frameworks */ = {isa = PBXBuildFile; productRef = CDD6908D2CDEB53900F43532 /* Core */; };
		CDD690902CDEB53900F43532 /* SharedModels in Frameworks */ = {isa = PBXBuildFile; productRef = CDD6908F2CDEB53900F43532 /* SharedModels */; };
/* End PBXBuildFile section */

/* Begin PBXContainerItemProxy section */
		8621DE202C83AA6800242B0E /* PBXContainerItemProxy */ = {
			isa = PBXContainerItemProxy;
			containerPortal = 866D994E2BFCAEBA00E73A8F /* Project object */;
			proxyType = 1;
			remoteGlobalIDString = 866D99552BFCAEBA00E73A8F;
			remoteInfo = FairyTales;
		};
/* End PBXContainerItemProxy section */

/* Begin PBXFileReference section */
		8621DE1C2C83AA6800242B0E /* FairyTalesTests.xctest */ = {isa = PBXFileReference; explicitFileType = wrapper.cfbundle; includeInIndex = 0; path = FairyTalesTests.xctest; sourceTree = BUILT_PRODUCTS_DIR; };
		8621DE1E2C83AA6800242B0E /* FairyTalesTests.swift */ = {isa = PBXFileReference; lastKnownFileType = sourcecode.swift; path = FairyTalesTests.swift; sourceTree = "<group>"; };
		866D99562BFCAEBA00E73A8F /* FairyTales.app */ = {isa = PBXFileReference; explicitFileType = wrapper.application; includeInIndex = 0; path = FairyTales.app; sourceTree = BUILT_PRODUCTS_DIR; };
		CD224D732CDEB2500072C103 /* Core */ = {isa = PBXFileReference; lastKnownFileType = wrapper; path = Core; sourceTree = SOURCE_ROOT; };
		CD6A70E42CDEB0BF005E69CA /* AudioRecorder.swift */ = {isa = PBXFileReference; fileEncoding = 4; lastKnownFileType = sourcecode.swift; path = AudioRecorder.swift; sourceTree = "<group>"; };
		CD6A70E62CDEB0BF005E69CA /* FileHelpers.swift */ = {isa = PBXFileReference; fileEncoding = 4; lastKnownFileType = sourcecode.swift; path = FileHelpers.swift; sourceTree = "<group>"; };
		CD6A70EC2CDEB0BF005E69CA /* Preview Assets.xcassets */ = {isa = PBXFileReference; lastKnownFileType = folder.assetcatalog; path = "Preview Assets.xcassets"; sourceTree = "<group>"; };
		CD6A70EE2CDEB0BF005E69CA /* Assets.xcassets */ = {isa = PBXFileReference; lastKnownFileType = folder.assetcatalog; path = Assets.xcassets; sourceTree = "<group>"; };
		CD6A70F22CDEB0BF005E69CA /* FairyTalesApp.swift */ = {isa = PBXFileReference; fileEncoding = 4; lastKnownFileType = sourcecode.swift; path = FairyTalesApp.swift; sourceTree = "<group>"; };
/* End PBXFileReference section */

/* Begin PBXFrameworksBuildPhase section */
		8621DE192C83AA6800242B0E /* Frameworks */ = {
			isa = PBXFrameworksBuildPhase;
			buildActionMask = 2147483647;
			files = (
			);
			runOnlyForDeploymentPostprocessing = 0;
		};
		866D99532BFCAEBA00E73A8F /* Frameworks */ = {
			isa = PBXFrameworksBuildPhase;
			buildActionMask = 2147483647;
			files = (
				CDD6908E2CDEB53900F43532 /* Core in Frameworks */,
				CD34771D2CEF535B00C3E714 /* ChaptersFeature in Frameworks */,
				CDD690902CDEB53900F43532 /* SharedModels in Frameworks */,
			);
			runOnlyForDeploymentPostprocessing = 0;
		};
/* End PBXFrameworksBuildPhase section */

/* Begin PBXGroup section */
		8621DE1D2C83AA6800242B0E /* FairyTalesTests */ = {
			isa = PBXGroup;
			children = (
				8621DE1E2C83AA6800242B0E /* FairyTalesTests.swift */,
			);
			path = FairyTalesTests;
			sourceTree = "<group>";
		};
		866D994D2BFCAEBA00E73A8F = {
			isa = PBXGroup;
			children = (
				CD6A70F42CDEB0BF005E69CA /* FairyTalesApp */,
				8621DE1D2C83AA6800242B0E /* FairyTalesTests */,
				866D99572BFCAEBA00E73A8F /* Products */,
			);
			sourceTree = "<group>";
		};
		866D99572BFCAEBA00E73A8F /* Products */ = {
			isa = PBXGroup;
			children = (
				866D99562BFCAEBA00E73A8F /* FairyTales.app */,
				8621DE1C2C83AA6800242B0E /* FairyTalesTests.xctest */,
			);
			name = Products;
			sourceTree = "<group>";
		};
		CD6A70E92CDEB0BF005E69CA /* Helpers */ = {
			isa = PBXGroup;
			children = (
				CD6A70E42CDEB0BF005E69CA /* AudioRecorder.swift */,
				CD6A70E62CDEB0BF005E69CA /* FileHelpers.swift */,
			);
			path = Helpers;
			sourceTree = "<group>";
		};
		CD6A70ED2CDEB0BF005E69CA /* Preview Content */ = {
			isa = PBXGroup;
			children = (
				CD6A70EC2CDEB0BF005E69CA /* Preview Assets.xcassets */,
			);
			path = "Preview Content";
			sourceTree = "<group>";
		};
		CD6A70F42CDEB0BF005E69CA /* FairyTalesApp */ = {
			isa = PBXGroup;
			children = (
				CD224D732CDEB2500072C103 /* Core */,
				CD6A70E92CDEB0BF005E69CA /* Helpers */,
				CD6A70ED2CDEB0BF005E69CA /* Preview Content */,
				CD6A70EE2CDEB0BF005E69CA /* Assets.xcassets */,
				CD6A70F22CDEB0BF005E69CA /* FairyTalesApp.swift */,
			);
			path = FairyTalesApp;
			sourceTree = "<group>";
		};
/* End PBXGroup section */

/* Begin PBXNativeTarget section */
		8621DE1B2C83AA6800242B0E /* FairyTalesTests */ = {
			isa = PBXNativeTarget;
			buildConfigurationList = 8621DE222C83AA6800242B0E /* Build configuration list for PBXNativeTarget "FairyTalesTests" */;
			buildPhases = (
				8621DE182C83AA6800242B0E /* Sources */,
				8621DE192C83AA6800242B0E /* Frameworks */,
				8621DE1A2C83AA6800242B0E /* Resources */,
			);
			buildRules = (
			);
			dependencies = (
				8621DE212C83AA6800242B0E /* PBXTargetDependency */,
			);
			name = FairyTalesTests;
			productName = FairyTalesTests;
			productReference = 8621DE1C2C83AA6800242B0E /* FairyTalesTests.xctest */;
			productType = "com.apple.product-type.bundle.unit-test";
		};
		866D99552BFCAEBA00E73A8F /* FairyTales */ = {
			isa = PBXNativeTarget;
			buildConfigurationList = 866D99642BFCAEBB00E73A8F /* Build configuration list for PBXNativeTarget "FairyTales" */;
			buildPhases = (
				866D99522BFCAEBA00E73A8F /* Sources */,
				866D99532BFCAEBA00E73A8F /* Frameworks */,
				866D99542BFCAEBA00E73A8F /* Resources */,
			);
			buildRules = (
			);
			dependencies = (
			);
			name = FairyTales;
			packageProductDependencies = (
				CDD6908D2CDEB53900F43532 /* Core */,
				CDD6908F2CDEB53900F43532 /* SharedModels */,
				CD34771C2CEF535B00C3E714 /* ChaptersFeature */,
			);
			productName = FairyTalesApp;
			productReference = 866D99562BFCAEBA00E73A8F /* FairyTales.app */;
			productType = "com.apple.product-type.application";
		};
/* End PBXNativeTarget section */

/* Begin PBXProject section */
		866D994E2BFCAEBA00E73A8F /* Project object */ = {
			isa = PBXProject;
			attributes = {
				BuildIndependentTargetsInParallel = 1;
				LastSwiftUpdateCheck = 1530;
				LastUpgradeCheck = 1530;
				TargetAttributes = {
					8621DE1B2C83AA6800242B0E = {
						CreatedOnToolsVersion = 15.3;
						TestTargetID = 866D99552BFCAEBA00E73A8F;
					};
					866D99552BFCAEBA00E73A8F = {
						CreatedOnToolsVersion = 15.3;
					};
				};
			};
			buildConfigurationList = 866D99512BFCAEBA00E73A8F /* Build configuration list for PBXProject "FairyTales" */;
			compatibilityVersion = "Xcode 14.0";
			developmentRegion = en;
			hasScannedForEncodings = 0;
			knownRegions = (
				en,
				Base,
			);
			mainGroup = 866D994D2BFCAEBA00E73A8F;
			packageReferences = (
				CDD6908C2CDEB53900F43532 /* XCLocalSwiftPackageReference "Core" */,
			);
			productRefGroup = 866D99572BFCAEBA00E73A8F /* Products */;
			projectDirPath = "";
			projectRoot = "";
			targets = (
				866D99552BFCAEBA00E73A8F /* FairyTales */,
				8621DE1B2C83AA6800242B0E /* FairyTalesTests */,
			);
		};
/* End PBXProject section */

/* Begin PBXResourcesBuildPhase section */
		8621DE1A2C83AA6800242B0E /* Resources */ = {
			isa = PBXResourcesBuildPhase;
			buildActionMask = 2147483647;
			files = (
			);
			runOnlyForDeploymentPostprocessing = 0;
		};
		866D99542BFCAEBA00E73A8F /* Resources */ = {
			isa = PBXResourcesBuildPhase;
			buildActionMask = 2147483647;
			files = (
				CD6A70FE2CDEB0BF005E69CA /* Preview Assets.xcassets in Resources */,
				CD6A70FF2CDEB0BF005E69CA /* Assets.xcassets in Resources */,
			);
			runOnlyForDeploymentPostprocessing = 0;
		};
/* End PBXResourcesBuildPhase section */

/* Begin PBXSourcesBuildPhase section */
		8621DE182C83AA6800242B0E /* Sources */ = {
			isa = PBXSourcesBuildPhase;
			buildActionMask = 2147483647;
			files = (
				8621DE1F2C83AA6800242B0E /* FairyTalesTests.swift in Sources */,
			);
			runOnlyForDeploymentPostprocessing = 0;
		};
		866D99522BFCAEBA00E73A8F /* Sources */ = {
			isa = PBXSourcesBuildPhase;
			buildActionMask = 2147483647;
			files = (
				CD6A70FA2CDEB0BF005E69CA /* FileHelpers.swift in Sources */,
				CD6A71032CDEB0BF005E69CA /* FairyTalesApp.swift in Sources */,
				CD6A70F82CDEB0BF005E69CA /* AudioRecorder.swift in Sources */,
			);
			runOnlyForDeploymentPostprocessing = 0;
		};
/* End PBXSourcesBuildPhase section */

/* Begin PBXTargetDependency section */
		8621DE212C83AA6800242B0E /* PBXTargetDependency */ = {
			isa = PBXTargetDependency;
			target = 866D99552BFCAEBA00E73A8F /* FairyTales */;
			targetProxy = 8621DE202C83AA6800242B0E /* PBXContainerItemProxy */;
		};
/* End PBXTargetDependency section */

/* Begin XCBuildConfiguration section */
		8621DE232C83AA6800242B0E /* Debug */ = {
			isa = XCBuildConfiguration;
			buildSettings = {
				ALWAYS_EMBED_SWIFT_STANDARD_LIBRARIES = YES;
				BUNDLE_LOADER = "$(TEST_HOST)";
				CODE_SIGN_STYLE = Automatic;
				CURRENT_PROJECT_VERSION = 1;
				GENERATE_INFOPLIST_FILE = YES;
				MARKETING_VERSION = 1.0;
				PRODUCT_BUNDLE_IDENTIFIER = Bravery.FairyTalesTests;
				PRODUCT_NAME = "$(TARGET_NAME)";
				SWIFT_EMIT_LOC_STRINGS = NO;
				SWIFT_VERSION = 5.0;
				TARGETED_DEVICE_FAMILY = "1,2";
				TEST_HOST = "$(BUILT_PRODUCTS_DIR)/FairyTales.app/$(BUNDLE_EXECUTABLE_FOLDER_PATH)/FairyTales";
			};
			name = Debug;
		};
		8621DE242C83AA6800242B0E /* Release */ = {
			isa = XCBuildConfiguration;
			buildSettings = {
				ALWAYS_EMBED_SWIFT_STANDARD_LIBRARIES = YES;
				BUNDLE_LOADER = "$(TEST_HOST)";
				CODE_SIGN_STYLE = Automatic;
				CURRENT_PROJECT_VERSION = 1;
				GENERATE_INFOPLIST_FILE = YES;
				MARKETING_VERSION = 1.0;
				PRODUCT_BUNDLE_IDENTIFIER = Bravery.FairyTalesTests;
				PRODUCT_NAME = "$(TARGET_NAME)";
				SWIFT_EMIT_LOC_STRINGS = NO;
				SWIFT_VERSION = 5.0;
				TARGETED_DEVICE_FAMILY = "1,2";
				TEST_HOST = "$(BUILT_PRODUCTS_DIR)/FairyTales.app/$(BUNDLE_EXECUTABLE_FOLDER_PATH)/FairyTales";
			};
			name = Release;
		};
		866D99622BFCAEBB00E73A8F /* Debug */ = {
			isa = XCBuildConfiguration;
			buildSettings = {
				ALWAYS_SEARCH_USER_PATHS = NO;
				ASSETCATALOG_COMPILER_GENERATE_SWIFT_ASSET_SYMBOL_EXTENSIONS = YES;
				CLANG_ANALYZER_NONNULL = YES;
				CLANG_ANALYZER_NUMBER_OBJECT_CONVERSION = YES_AGGRESSIVE;
				CLANG_CXX_LANGUAGE_STANDARD = "gnu++20";
				CLANG_ENABLE_MODULES = YES;
				CLANG_ENABLE_OBJC_ARC = YES;
				CLANG_ENABLE_OBJC_WEAK = YES;
				CLANG_WARN_BLOCK_CAPTURE_AUTORELEASING = YES;
				CLANG_WARN_BOOL_CONVERSION = YES;
				CLANG_WARN_COMMA = YES;
				CLANG_WARN_CONSTANT_CONVERSION = YES;
				CLANG_WARN_DEPRECATED_OBJC_IMPLEMENTATIONS = YES;
				CLANG_WARN_DIRECT_OBJC_ISA_USAGE = YES_ERROR;
				CLANG_WARN_DOCUMENTATION_COMMENTS = YES;
				CLANG_WARN_EMPTY_BODY = YES;
				CLANG_WARN_ENUM_CONVERSION = YES;
				CLANG_WARN_INFINITE_RECURSION = YES;
				CLANG_WARN_INT_CONVERSION = YES;
				CLANG_WARN_NON_LITERAL_NULL_CONVERSION = YES;
				CLANG_WARN_OBJC_IMPLICIT_RETAIN_SELF = YES;
				CLANG_WARN_OBJC_LITERAL_CONVERSION = YES;
				CLANG_WARN_OBJC_ROOT_CLASS = YES_ERROR;
				CLANG_WARN_QUOTED_INCLUDE_IN_FRAMEWORK_HEADER = YES;
				CLANG_WARN_RANGE_LOOP_ANALYSIS = YES;
				CLANG_WARN_STRICT_PROTOTYPES = YES;
				CLANG_WARN_SUSPICIOUS_MOVE = YES;
				CLANG_WARN_UNGUARDED_AVAILABILITY = YES_AGGRESSIVE;
				CLANG_WARN_UNREACHABLE_CODE = YES;
				CLANG_WARN__DUPLICATE_METHOD_MATCH = YES;
				COPY_PHASE_STRIP = NO;
				DEBUG_INFORMATION_FORMAT = dwarf;
				ENABLE_STRICT_OBJC_MSGSEND = YES;
				ENABLE_TESTABILITY = YES;
				ENABLE_USER_SCRIPT_SANDBOXING = YES;
				GCC_C_LANGUAGE_STANDARD = gnu17;
				GCC_DYNAMIC_NO_PIC = NO;
				GCC_NO_COMMON_BLOCKS = YES;
				GCC_OPTIMIZATION_LEVEL = 0;
				GCC_PREPROCESSOR_DEFINITIONS = (
					"DEBUG=1",
					"$(inherited)",
				);
				GCC_WARN_64_TO_32_BIT_CONVERSION = YES;
				GCC_WARN_ABOUT_RETURN_TYPE = YES_ERROR;
				GCC_WARN_UNDECLARED_SELECTOR = YES;
				GCC_WARN_UNINITIALIZED_AUTOS = YES_AGGRESSIVE;
				GCC_WARN_UNUSED_FUNCTION = YES;
				GCC_WARN_UNUSED_VARIABLE = YES;
				IPHONEOS_DEPLOYMENT_TARGET = 17.4;
				LOCALIZATION_PREFERS_STRING_CATALOGS = YES;
				MTL_ENABLE_DEBUG_INFO = INCLUDE_SOURCE;
				MTL_FAST_MATH = YES;
				ONLY_ACTIVE_ARCH = YES;
				SDKROOT = iphoneos;
				SWIFT_ACTIVE_COMPILATION_CONDITIONS = "DEBUG $(inherited)";
				SWIFT_OPTIMIZATION_LEVEL = "-Onone";
			};
			name = Debug;
		};
		866D99632BFCAEBB00E73A8F /* Release */ = {
			isa = XCBuildConfiguration;
			buildSettings = {
				ALWAYS_SEARCH_USER_PATHS = NO;
				ASSETCATALOG_COMPILER_GENERATE_SWIFT_ASSET_SYMBOL_EXTENSIONS = YES;
				CLANG_ANALYZER_NONNULL = YES;
				CLANG_ANALYZER_NUMBER_OBJECT_CONVERSION = YES_AGGRESSIVE;
				CLANG_CXX_LANGUAGE_STANDARD = "gnu++20";
				CLANG_ENABLE_MODULES = YES;
				CLANG_ENABLE_OBJC_ARC = YES;
				CLANG_ENABLE_OBJC_WEAK = YES;
				CLANG_WARN_BLOCK_CAPTURE_AUTORELEASING = YES;
				CLANG_WARN_BOOL_CONVERSION = YES;
				CLANG_WARN_COMMA = YES;
				CLANG_WARN_CONSTANT_CONVERSION = YES;
				CLANG_WARN_DEPRECATED_OBJC_IMPLEMENTATIONS = YES;
				CLANG_WARN_DIRECT_OBJC_ISA_USAGE = YES_ERROR;
				CLANG_WARN_DOCUMENTATION_COMMENTS = YES;
				CLANG_WARN_EMPTY_BODY = YES;
				CLANG_WARN_ENUM_CONVERSION = YES;
				CLANG_WARN_INFINITE_RECURSION = YES;
				CLANG_WARN_INT_CONVERSION = YES;
				CLANG_WARN_NON_LITERAL_NULL_CONVERSION = YES;
				CLANG_WARN_OBJC_IMPLICIT_RETAIN_SELF = YES;
				CLANG_WARN_OBJC_LITERAL_CONVERSION = YES;
				CLANG_WARN_OBJC_ROOT_CLASS = YES_ERROR;
				CLANG_WARN_QUOTED_INCLUDE_IN_FRAMEWORK_HEADER = YES;
				CLANG_WARN_RANGE_LOOP_ANALYSIS = YES;
				CLANG_WARN_STRICT_PROTOTYPES = YES;
				CLANG_WARN_SUSPICIOUS_MOVE = YES;
				CLANG_WARN_UNGUARDED_AVAILABILITY = YES_AGGRESSIVE;
				CLANG_WARN_UNREACHABLE_CODE = YES;
				CLANG_WARN__DUPLICATE_METHOD_MATCH = YES;
				COPY_PHASE_STRIP = NO;
				DEBUG_INFORMATION_FORMAT = "dwarf-with-dsym";
				ENABLE_NS_ASSERTIONS = NO;
				ENABLE_STRICT_OBJC_MSGSEND = YES;
				ENABLE_USER_SCRIPT_SANDBOXING = YES;
				GCC_C_LANGUAGE_STANDARD = gnu17;
				GCC_NO_COMMON_BLOCKS = YES;
				GCC_WARN_64_TO_32_BIT_CONVERSION = YES;
				GCC_WARN_ABOUT_RETURN_TYPE = YES_ERROR;
				GCC_WARN_UNDECLARED_SELECTOR = YES;
				GCC_WARN_UNINITIALIZED_AUTOS = YES_AGGRESSIVE;
				GCC_WARN_UNUSED_FUNCTION = YES;
				GCC_WARN_UNUSED_VARIABLE = YES;
				IPHONEOS_DEPLOYMENT_TARGET = 17.4;
				LOCALIZATION_PREFERS_STRING_CATALOGS = YES;
				MTL_ENABLE_DEBUG_INFO = NO;
				MTL_FAST_MATH = YES;
				SDKROOT = iphoneos;
				SWIFT_COMPILATION_MODE = wholemodule;
				VALIDATE_PRODUCT = YES;
			};
			name = Release;
		};
		866D99652BFCAEBB00E73A8F /* Debug */ = {
			isa = XCBuildConfiguration;
			buildSettings = {
				ASSETCATALOG_COMPILER_APPICON_NAME = AppIcon;
				ASSETCATALOG_COMPILER_GLOBAL_ACCENT_COLOR_NAME = AccentColor;
				CODE_SIGN_STYLE = Automatic;
				CURRENT_PROJECT_VERSION = 1;
				DEVELOPMENT_ASSET_PATHS = "\"FairyTalesApp/Preview Content\"";
				ENABLE_PREVIEWS = YES;
				GENERATE_INFOPLIST_FILE = YES;
				INFOPLIST_KEY_NSMicrophoneUsageDescription = "Your microphone will be used to record your speech when you press the \"Start Recording\" button.";
				INFOPLIST_KEY_NSSpeechRecognitionUsageDescription = "Hey baby";
				INFOPLIST_KEY_UIApplicationSceneManifest_Generation = YES;
				INFOPLIST_KEY_UIApplicationSupportsIndirectInputEvents = YES;
				INFOPLIST_KEY_UILaunchScreen_Generation = YES;
				INFOPLIST_KEY_UISupportedInterfaceOrientations_iPad = "UIInterfaceOrientationPortrait UIInterfaceOrientationPortraitUpsideDown UIInterfaceOrientationLandscapeLeft UIInterfaceOrientationLandscapeRight";
				INFOPLIST_KEY_UISupportedInterfaceOrientations_iPhone = "UIInterfaceOrientationPortrait UIInterfaceOrientationLandscapeLeft UIInterfaceOrientationLandscapeRight";
				LD_RUNPATH_SEARCH_PATHS = (
					"$(inherited)",
					"@executable_path/Frameworks",
				);
				MARKETING_VERSION = 1.0;
				PRODUCT_BUNDLE_IDENTIFIER = Bravery.FairyTalesApp;
				PRODUCT_NAME = "$(TARGET_NAME)";
				SWIFT_EMIT_LOC_STRINGS = YES;
				SWIFT_VERSION = 5.0;
				TARGETED_DEVICE_FAMILY = "1,2";
			};
			name = Debug;
		};
		866D99662BFCAEBB00E73A8F /* Release */ = {
			isa = XCBuildConfiguration;
			buildSettings = {
				ASSETCATALOG_COMPILER_APPICON_NAME = AppIcon;
				ASSETCATALOG_COMPILER_GLOBAL_ACCENT_COLOR_NAME = AccentColor;
				CODE_SIGN_STYLE = Automatic;
				CURRENT_PROJECT_VERSION = 1;
				DEVELOPMENT_ASSET_PATHS = "\"FairyTalesApp/Preview Content\"";
				ENABLE_PREVIEWS = YES;
				GENERATE_INFOPLIST_FILE = YES;
				INFOPLIST_KEY_NSMicrophoneUsageDescription = "Your microphone will be used to record your speech when you press the \"Start Recording\" button.";
				INFOPLIST_KEY_NSSpeechRecognitionUsageDescription = "Hey baby";
				INFOPLIST_KEY_UIApplicationSceneManifest_Generation = YES;
				INFOPLIST_KEY_UIApplicationSupportsIndirectInputEvents = YES;
				INFOPLIST_KEY_UILaunchScreen_Generation = YES;
				INFOPLIST_KEY_UISupportedInterfaceOrientations_iPad = "UIInterfaceOrientationPortrait UIInterfaceOrientationPortraitUpsideDown UIInterfaceOrientationLandscapeLeft UIInterfaceOrientationLandscapeRight";
				INFOPLIST_KEY_UISupportedInterfaceOrientations_iPhone = "UIInterfaceOrientationPortrait UIInterfaceOrientationLandscapeLeft UIInterfaceOrientationLandscapeRight";
				LD_RUNPATH_SEARCH_PATHS = (
					"$(inherited)",
					"@executable_path/Frameworks",
				);
				MARKETING_VERSION = 1.0;
				PRODUCT_BUNDLE_IDENTIFIER = Bravery.FairyTalesApp;
				PRODUCT_NAME = "$(TARGET_NAME)";
				SWIFT_EMIT_LOC_STRINGS = YES;
				SWIFT_VERSION = 5.0;
				TARGETED_DEVICE_FAMILY = "1,2";
			};
			name = Release;
		};
/* End XCBuildConfiguration section */

/* Begin XCConfigurationList section */
		8621DE222C83AA6800242B0E /* Build configuration list for PBXNativeTarget "FairyTalesTests" */ = {
			isa = XCConfigurationList;
			buildConfigurations = (
				8621DE232C83AA6800242B0E /* Debug */,
				8621DE242C83AA6800242B0E /* Release */,
			);
			defaultConfigurationIsVisible = 0;
			defaultConfigurationName = Release;
		};
		866D99512BFCAEBA00E73A8F /* Build configuration list for PBXProject "FairyTales" */ = {
			isa = XCConfigurationList;
			buildConfigurations = (
				866D99622BFCAEBB00E73A8F /* Debug */,
				866D99632BFCAEBB00E73A8F /* Release */,
			);
			defaultConfigurationIsVisible = 0;
			defaultConfigurationName = Release;
		};
		866D99642BFCAEBB00E73A8F /* Build configuration list for PBXNativeTarget "FairyTales" */ = {
			isa = XCConfigurationList;
			buildConfigurations = (
				866D99652BFCAEBB00E73A8F /* Debug */,
				866D99662BFCAEBB00E73A8F /* Release */,
			);
			defaultConfigurationIsVisible = 0;
			defaultConfigurationName = Release;
		};
/* End XCConfigurationList section */

/* Begin XCLocalSwiftPackageReference section */
		CDD6908C2CDEB53900F43532 /* XCLocalSwiftPackageReference "Core" */ = {
			isa = XCLocalSwiftPackageReference;
			relativePath = Core;
		};
/* End XCLocalSwiftPackageReference section */

/* Begin XCSwiftPackageProductDependency section */
		CD34771C2CEF535B00C3E714 /* ChaptersFeature */ = {
			isa = XCSwiftPackageProductDependency;
			productName = ChaptersFeature;
		};
		CDD6908D2CDEB53900F43532 /* Core */ = {
			isa = XCSwiftPackageProductDependency;
			productName = Core;
		};
		CDD6908F2CDEB53900F43532 /* SharedModels */ = {
			isa = XCSwiftPackageProductDependency;
			productName = SharedModels;
		};
/* End XCSwiftPackageProductDependency section */
	};
	rootObject = 866D994E2BFCAEBA00E73A8F /* Project object */;
}
