// !$*UTF8*$!
{
	archiveVersion = 1;
	classes = {
	};
	objectVersion = 56;
	objects = {

/* Begin PBXBuildFile section */
		860277F62C3ECEF800BCC7A8 /* UserAccessManager.swift in Sources */ = {isa = PBXBuildFile; fileRef = 860277F52C3ECEF800BCC7A8 /* UserAccessManager.swift */; };
		860277F82C3ECEF800BCC7A8 /* AVAudioSession.swift in Sources */ = {isa = PBXBuildFile; fileRef = 860277F72C3ECEF800BCC7A8 /* AVAudioSession.swift */; };
		8621635A2C16EC3B0005F090 /* Dependencies in Frameworks */ = {isa = PBXBuildFile; productRef = 862163592C16EC3B0005F090 /* Dependencies */; };
		8621635C2C16EC3B0005F090 /* DependenciesMacros in Frameworks */ = {isa = PBXBuildFile; productRef = 8621635B2C16EC3B0005F090 /* DependenciesMacros */; };
		8621DE1F2C83AA6800242B0E /* FairyTalesTests.swift in Sources */ = {isa = PBXBuildFile; fileRef = 8621DE1E2C83AA6800242B0E /* FairyTalesTests.swift */; };
		8639499A2C85C6FB003DFBFE /* ComposableArchitecture in Frameworks */ = {isa = PBXBuildFile; productRef = 863949992C85C6FB003DFBFE /* ComposableArchitecture */; };
		8639499C2C85D79E003DFBFE /* RecognitionFeature.swift in Sources */ = {isa = PBXBuildFile; fileRef = 8639499B2C85D79E003DFBFE /* RecognitionFeature.swift */; };
		8639499E2C8604DF003DFBFE /* open_window_animation.json in Resources */ = {isa = PBXBuildFile; fileRef = 8639499D2C8604DF003DFBFE /* open_window_animation.json */; };
		863949A02C86055D003DFBFE /* sun_animation.json in Resources */ = {isa = PBXBuildFile; fileRef = 8639499F2C86055D003DFBFE /* sun_animation.json */; };
		863949A32C864697003DFBFE /* ChaptersView.swift in Sources */ = {isa = PBXBuildFile; fileRef = 863949A22C864697003DFBFE /* ChaptersView.swift */; };
		864749F72C88517B00B8C7D3 /* Chapter.swift in Sources */ = {isa = PBXBuildFile; fileRef = 864749F62C88517B00B8C7D3 /* Chapter.swift */; };
		865302D72C0241EF004D11C1 /* Overture in Frameworks */ = {isa = PBXBuildFile; productRef = 865302D62C0241EF004D11C1 /* Overture */; };
		865302D92C0243F3004D11C1 /* AudioRecorder.swift in Sources */ = {isa = PBXBuildFile; fileRef = 865302D82C0243F3004D11C1 /* AudioRecorder.swift */; };
		865302DB2C02441F004D11C1 /* FileHelpers.swift in Sources */ = {isa = PBXBuildFile; fileRef = 865302DA2C02441F004D11C1 /* FileHelpers.swift */; };
		865302DD2C024514004D11C1 /* SpeechRecognizer.swift in Sources */ = {isa = PBXBuildFile; fileRef = 865302DC2C024514004D11C1 /* SpeechRecognizer.swift */; };
		866D995A2BFCAEBA00E73A8F /* FairyTalesApp.swift in Sources */ = {isa = PBXBuildFile; fileRef = 866D99592BFCAEBA00E73A8F /* FairyTalesApp.swift */; };
		866D995C2BFCAEBA00E73A8F /* ChapterView.swift in Sources */ = {isa = PBXBuildFile; fileRef = 866D995B2BFCAEBA00E73A8F /* ChapterView.swift */; };
		866D995E2BFCAEBB00E73A8F /* Assets.xcassets in Resources */ = {isa = PBXBuildFile; fileRef = 866D995D2BFCAEBB00E73A8F /* Assets.xcassets */; };
		866D99612BFCAEBB00E73A8F /* Preview Assets.xcassets in Resources */ = {isa = PBXBuildFile; fileRef = 866D99602BFCAEBB00E73A8F /* Preview Assets.xcassets */; };
		867C84702C76ADF400833E5D /* Lottie in Frameworks */ = {isa = PBXBuildFile; productRef = 867C846F2C76ADF400833E5D /* Lottie */; };
		867C84732C76AE1A00833E5D /* plant_animation.json in Resources */ = {isa = PBXBuildFile; fileRef = 867C84722C76AE1A00833E5D /* plant_animation.json */; };
		CD5C4E092CBBF76800DBB6E2 /* DequeModule in Frameworks */ = {isa = PBXBuildFile; productRef = CD5C4E082CBBF76800DBB6E2 /* DequeModule */; };
		CD5C4E0B2CBC4D2500DBB6E2 /* StateChanger.swift in Sources */ = {isa = PBXBuildFile; fileRef = CD5C4E0A2CBC4D2500DBB6E2 /* StateChanger.swift */; };
/* End PBXBuildFile section */

/* Begin PBXContainerItemProxy section */
		8621DE202C83AA6800242B0E /* PBXContainerItemProxy */ = {
			isa = PBXContainerItemProxy;
			containerPortal = 866D994E2BFCAEBA00E73A8F /* Project object */;
			proxyType = 1;
			remoteGlobalIDString = 866D99552BFCAEBA00E73A8F;
			remoteInfo = FairyTales;
		};
/* End PBXContainerItemProxy section */

/* Begin PBXFileReference section */
		860277F52C3ECEF800BCC7A8 /* UserAccessManager.swift */ = {isa = PBXFileReference; lastKnownFileType = sourcecode.swift; path = UserAccessManager.swift; sourceTree = "<group>"; };
		860277F72C3ECEF800BCC7A8 /* AVAudioSession.swift */ = {isa = PBXFileReference; lastKnownFileType = sourcecode.swift; path = AVAudioSession.swift; sourceTree = "<group>"; };
		8621DE1C2C83AA6800242B0E /* FairyTalesTests.xctest */ = {isa = PBXFileReference; explicitFileType = wrapper.cfbundle; includeInIndex = 0; path = FairyTalesTests.xctest; sourceTree = BUILT_PRODUCTS_DIR; };
		8621DE1E2C83AA6800242B0E /* FairyTalesTests.swift */ = {isa = PBXFileReference; lastKnownFileType = sourcecode.swift; path = FairyTalesTests.swift; sourceTree = "<group>"; };
		8639499B2C85D79E003DFBFE /* RecognitionFeature.swift */ = {isa = PBXFileReference; lastKnownFileType = sourcecode.swift; path = RecognitionFeature.swift; sourceTree = "<group>"; };
		8639499D2C8604DF003DFBFE /* open_window_animation.json */ = {isa = PBXFileReference; fileEncoding = 4; lastKnownFileType = text.json; path = open_window_animation.json; sourceTree = "<group>"; };
		8639499F2C86055D003DFBFE /* sun_animation.json */ = {isa = PBXFileReference; fileEncoding = 4; lastKnownFileType = text.json; path = sun_animation.json; sourceTree = "<group>"; };
		863949A22C864697003DFBFE /* ChaptersView.swift */ = {isa = PBXFileReference; lastKnownFileType = sourcecode.swift; path = ChaptersView.swift; sourceTree = "<group>"; };
		864749F62C88517B00B8C7D3 /* Chapter.swift */ = {isa = PBXFileReference; lastKnownFileType = sourcecode.swift; path = Chapter.swift; sourceTree = "<group>"; };
		865302D82C0243F3004D11C1 /* AudioRecorder.swift */ = {isa = PBXFileReference; lastKnownFileType = sourcecode.swift; path = AudioRecorder.swift; sourceTree = "<group>"; };
		865302DA2C02441F004D11C1 /* FileHelpers.swift */ = {isa = PBXFileReference; lastKnownFileType = sourcecode.swift; path = FileHelpers.swift; sourceTree = "<group>"; };
		865302DC2C024514004D11C1 /* SpeechRecognizer.swift */ = {isa = PBXFileReference; lastKnownFileType = sourcecode.swift; path = SpeechRecognizer.swift; sourceTree = "<group>"; };
		866D99562BFCAEBA00E73A8F /* FairyTales.app */ = {isa = PBXFileReference; explicitFileType = wrapper.application; includeInIndex = 0; path = FairyTales.app; sourceTree = BUILT_PRODUCTS_DIR; };
		866D99592BFCAEBA00E73A8F /* FairyTalesApp.swift */ = {isa = PBXFileReference; lastKnownFileType = sourcecode.swift; path = FairyTalesApp.swift; sourceTree = "<group>"; };
		866D995B2BFCAEBA00E73A8F /* ChapterView.swift */ = {isa = PBXFileReference; lastKnownFileType = sourcecode.swift; path = ChapterView.swift; sourceTree = "<group>"; };
		866D995D2BFCAEBB00E73A8F /* Assets.xcassets */ = {isa = PBXFileReference; lastKnownFileType = folder.assetcatalog; path = Assets.xcassets; sourceTree = "<group>"; };
		866D99602BFCAEBB00E73A8F /* Preview Assets.xcassets */ = {isa = PBXFileReference; lastKnownFileType = folder.assetcatalog; path = "Preview Assets.xcassets"; sourceTree = "<group>"; };
		867C84722C76AE1A00833E5D /* plant_animation.json */ = {isa = PBXFileReference; fileEncoding = 4; lastKnownFileType = text.json; path = plant_animation.json; sourceTree = "<group>"; };
		CD5C4E0A2CBC4D2500DBB6E2 /* StateChanger.swift */ = {isa = PBXFileReference; lastKnownFileType = sourcecode.swift; path = StateChanger.swift; sourceTree = "<group>"; };
/* End PBXFileReference section */

/* Begin PBXFrameworksBuildPhase section */
		8621DE192C83AA6800242B0E /* Frameworks */ = {
			isa = PBXFrameworksBuildPhase;
			buildActionMask = 2147483647;
			files = (
			);
			runOnlyForDeploymentPostprocessing = 0;
		};
		866D99532BFCAEBA00E73A8F /* Frameworks */ = {
			isa = PBXFrameworksBuildPhase;
			buildActionMask = 2147483647;
			files = (
				8639499A2C85C6FB003DFBFE /* ComposableArchitecture in Frameworks */,
				865302D72C0241EF004D11C1 /* Overture in Frameworks */,
				8621635A2C16EC3B0005F090 /* Dependencies in Frameworks */,
				8621635C2C16EC3B0005F090 /* DependenciesMacros in Frameworks */,
				867C84702C76ADF400833E5D /* Lottie in Frameworks */,
				CD5C4E092CBBF76800DBB6E2 /* DequeModule in Frameworks */,
			);
			runOnlyForDeploymentPostprocessing = 0;
		};
/* End PBXFrameworksBuildPhase section */

/* Begin PBXGroup section */
		8621DE1D2C83AA6800242B0E /* FairyTalesTests */ = {
			isa = PBXGroup;
			children = (
				8621DE1E2C83AA6800242B0E /* FairyTalesTests.swift */,
			);
			path = FairyTalesTests;
			sourceTree = "<group>";
		};
		863949A12C86466A003DFBFE /* Helpers */ = {
			isa = PBXGroup;
			children = (
				865302D82C0243F3004D11C1 /* AudioRecorder.swift */,
				865302DC2C024514004D11C1 /* SpeechRecognizer.swift */,
				865302DA2C02441F004D11C1 /* FileHelpers.swift */,
				860277F52C3ECEF800BCC7A8 /* UserAccessManager.swift */,
				860277F72C3ECEF800BCC7A8 /* AVAudioSession.swift */,
			);
			path = Helpers;
			sourceTree = "<group>";
		};
		864749F82C88517D00B8C7D3 /* Models */ = {
			isa = PBXGroup;
			children = (
				864749F62C88517B00B8C7D3 /* Chapter.swift */,
			);
			path = Models;
			sourceTree = "<group>";
		};
		866D994D2BFCAEBA00E73A8F = {
			isa = PBXGroup;
			children = (
				866D99582BFCAEBA00E73A8F /* FairyTalesApp */,
				8621DE1D2C83AA6800242B0E /* FairyTalesTests */,
				866D99572BFCAEBA00E73A8F /* Products */,
			);
			sourceTree = "<group>";
		};
		866D99572BFCAEBA00E73A8F /* Products */ = {
			isa = PBXGroup;
			children = (
				866D99562BFCAEBA00E73A8F /* FairyTales.app */,
				8621DE1C2C83AA6800242B0E /* FairyTalesTests.xctest */,
			);
			name = Products;
			sourceTree = "<group>";
		};
		866D99582BFCAEBA00E73A8F /* FairyTalesApp */ = {
			isa = PBXGroup;
			children = (
				863949A12C86466A003DFBFE /* Helpers */,
				864749F82C88517D00B8C7D3 /* Models */,
				867C84712C76AE1100833E5D /* Animations */,
				866D99592BFCAEBA00E73A8F /* FairyTalesApp.swift */,
				8639499B2C85D79E003DFBFE /* RecognitionFeature.swift */,
				CD5C4E0A2CBC4D2500DBB6E2 /* StateChanger.swift */,
				866D995B2BFCAEBA00E73A8F /* ChapterView.swift */,
				863949A22C864697003DFBFE /* ChaptersView.swift */,
				866D995F2BFCAEBB00E73A8F /* Preview Content */,
				866D995D2BFCAEBB00E73A8F /* Assets.xcassets */,
			);
			path = FairyTalesApp;
			sourceTree = "<group>";
		};
		866D995F2BFCAEBB00E73A8F /* Preview Content */ = {
			isa = PBXGroup;
			children = (
				866D99602BFCAEBB00E73A8F /* Preview Assets.xcassets */,
			);
			path = "Preview Content";
			sourceTree = "<group>";
		};
		867C84712C76AE1100833E5D /* Animations */ = {
			isa = PBXGroup;
			children = (
				8639499D2C8604DF003DFBFE /* open_window_animation.json */,
				8639499F2C86055D003DFBFE /* sun_animation.json */,
				867C84722C76AE1A00833E5D /* plant_animation.json */,
			);
			path = Animations;
			sourceTree = "<group>";
		};
/* End PBXGroup section */

/* Begin PBXNativeTarget section */
		8621DE1B2C83AA6800242B0E /* FairyTalesTests */ = {
			isa = PBXNativeTarget;
			buildConfigurationList = 8621DE222C83AA6800242B0E /* Build configuration list for PBXNativeTarget "FairyTalesTests" */;
			buildPhases = (
				8621DE182C83AA6800242B0E /* Sources */,
				8621DE192C83AA6800242B0E /* Frameworks */,
				8621DE1A2C83AA6800242B0E /* Resources */,
			);
			buildRules = (
			);
			dependencies = (
				8621DE212C83AA6800242B0E /* PBXTargetDependency */,
			);
			name = FairyTalesTests;
			productName = FairyTalesTests;
			productReference = 8621DE1C2C83AA6800242B0E /* FairyTalesTests.xctest */;
			productType = "com.apple.product-type.bundle.unit-test";
		};
		866D99552BFCAEBA00E73A8F /* FairyTales */ = {
			isa = PBXNativeTarget;
			buildConfigurationList = 866D99642BFCAEBB00E73A8F /* Build configuration list for PBXNativeTarget "FairyTales" */;
			buildPhases = (
				866D99522BFCAEBA00E73A8F /* Sources */,
				866D99532BFCAEBA00E73A8F /* Frameworks */,
				866D99542BFCAEBA00E73A8F /* Resources */,
			);
			buildRules = (
			);
			dependencies = (
			);
			name = FairyTales;
			packageProductDependencies = (
				865302D62C0241EF004D11C1 /* Overture */,
				862163592C16EC3B0005F090 /* Dependencies */,
				8621635B2C16EC3B0005F090 /* DependenciesMacros */,
				867C846F2C76ADF400833E5D /* Lottie */,
				863949992C85C6FB003DFBFE /* ComposableArchitecture */,
				CD5C4E082CBBF76800DBB6E2 /* DequeModule */,
			);
			productName = FairyTalesApp;
			productReference = 866D99562BFCAEBA00E73A8F /* FairyTales.app */;
			productType = "com.apple.product-type.application";
		};
/* End PBXNativeTarget section */

/* Begin PBXProject section */
		866D994E2BFCAEBA00E73A8F /* Project object */ = {
			isa = PBXProject;
			attributes = {
				BuildIndependentTargetsInParallel = 1;
				LastSwiftUpdateCheck = 1530;
				LastUpgradeCheck = 1530;
				TargetAttributes = {
					8621DE1B2C83AA6800242B0E = {
						CreatedOnToolsVersion = 15.3;
						TestTargetID = 866D99552BFCAEBA00E73A8F;
					};
					866D99552BFCAEBA00E73A8F = {
						CreatedOnToolsVersion = 15.3;
					};
				};
			};
			buildConfigurationList = 866D99512BFCAEBA00E73A8F /* Build configuration list for PBXProject "FairyTales" */;
			compatibilityVersion = "Xcode 14.0";
			developmentRegion = en;
			hasScannedForEncodings = 0;
			knownRegions = (
				en,
				Base,
			);
			mainGroup = 866D994D2BFCAEBA00E73A8F;
			packageReferences = (
				865302D52C0241EF004D11C1 /* XCRemoteSwiftPackageReference "swift-overture" */,
				862163582C16EC3B0005F090 /* XCRemoteSwiftPackageReference "swift-dependencies" */,
				867C846E2C76ADF400833E5D /* XCRemoteSwiftPackageReference "lottie-spm" */,
				863949982C85C6FB003DFBFE /* XCRemoteSwiftPackageReference "swift-composable-architecture" */,
				CD5C4E072CBBF76800DBB6E2 /* XCRemoteSwiftPackageReference "swift-collections" */,
			);
			productRefGroup = 866D99572BFCAEBA00E73A8F /* Products */;
			projectDirPath = "";
			projectRoot = "";
			targets = (
				866D99552BFCAEBA00E73A8F /* FairyTales */,
				8621DE1B2C83AA6800242B0E /* FairyTalesTests */,
			);
		};
/* End PBXProject section */

/* Begin PBXResourcesBuildPhase section */
		8621DE1A2C83AA6800242B0E /* Resources */ = {
			isa = PBXResourcesBuildPhase;
			buildActionMask = 2147483647;
			files = (
			);
			runOnlyForDeploymentPostprocessing = 0;
		};
		866D99542BFCAEBA00E73A8F /* Resources */ = {
			isa = PBXResourcesBuildPhase;
			buildActionMask = 2147483647;
			files = (
				866D99612BFCAEBB00E73A8F /* Preview Assets.xcassets in Resources */,
				866D995E2BFCAEBB00E73A8F /* Assets.xcassets in Resources */,
				8639499E2C8604DF003DFBFE /* open_window_animation.json in Resources */,
				867C84732C76AE1A00833E5D /* plant_animation.json in Resources */,
				863949A02C86055D003DFBFE /* sun_animation.json in Resources */,
			);
			runOnlyForDeploymentPostprocessing = 0;
		};
/* End PBXResourcesBuildPhase section */

/* Begin PBXSourcesBuildPhase section */
		8621DE182C83AA6800242B0E /* Sources */ = {
			isa = PBXSourcesBuildPhase;
			buildActionMask = 2147483647;
			files = (
				8621DE1F2C83AA6800242B0E /* FairyTalesTests.swift in Sources */,
			);
			runOnlyForDeploymentPostprocessing = 0;
		};
		866D99522BFCAEBA00E73A8F /* Sources */ = {
			isa = PBXSourcesBuildPhase;
			buildActionMask = 2147483647;
			files = (
				865302DD2C024514004D11C1 /* SpeechRecognizer.swift in Sources */,
				865302D92C0243F3004D11C1 /* AudioRecorder.swift in Sources */,
				8639499C2C85D79E003DFBFE /* RecognitionFeature.swift in Sources */,
				860277F82C3ECEF800BCC7A8 /* AVAudioSession.swift in Sources */,
				863949A32C864697003DFBFE /* ChaptersView.swift in Sources */,
				860277F62C3ECEF800BCC7A8 /* UserAccessManager.swift in Sources */,
				CD5C4E0B2CBC4D2500DBB6E2 /* StateChanger.swift in Sources */,
				866D995C2BFCAEBA00E73A8F /* ChapterView.swift in Sources */,
				866D995A2BFCAEBA00E73A8F /* FairyTalesApp.swift in Sources */,
				865302DB2C02441F004D11C1 /* FileHelpers.swift in Sources */,
				864749F72C88517B00B8C7D3 /* Chapter.swift in Sources */,
			);
			runOnlyForDeploymentPostprocessing = 0;
		};
/* End PBXSourcesBuildPhase section */

/* Begin PBXTargetDependency section */
		8621DE212C83AA6800242B0E /* PBXTargetDependency */ = {
			isa = PBXTargetDependency;
			target = 866D99552BFCAEBA00E73A8F /* FairyTales */;
			targetProxy = 8621DE202C83AA6800242B0E /* PBXContainerItemProxy */;
		};
/* End PBXTargetDependency section */

/* Begin XCBuildConfiguration section */
		8621DE232C83AA6800242B0E /* Debug */ = {
			isa = XCBuildConfiguration;
			buildSettings = {
				BUNDLE_LOADER = "$(TEST_HOST)";
				CODE_SIGN_STYLE = Automatic;
				CURRENT_PROJECT_VERSION = 1;
				GENERATE_INFOPLIST_FILE = YES;
				MARKETING_VERSION = 1.0;
				PRODUCT_BUNDLE_IDENTIFIER = Bravery.FairyTalesTests;
				PRODUCT_NAME = "$(TARGET_NAME)";
				SWIFT_EMIT_LOC_STRINGS = NO;
				SWIFT_VERSION = 5.0;
				TARGETED_DEVICE_FAMILY = "1,2";
				TEST_HOST = "$(BUILT_PRODUCTS_DIR)/FairyTales.app/$(BUNDLE_EXECUTABLE_FOLDER_PATH)/FairyTales";
			};
			name = Debug;
		};
		8621DE242C83AA6800242B0E /* Release */ = {
			isa = XCBuildConfiguration;
			buildSettings = {
				BUNDLE_LOADER = "$(TEST_HOST)";
				CODE_SIGN_STYLE = Automatic;
				CURRENT_PROJECT_VERSION = 1;
				GENERATE_INFOPLIST_FILE = YES;
				MARKETING_VERSION = 1.0;
				PRODUCT_BUNDLE_IDENTIFIER = Bravery.FairyTalesTests;
				PRODUCT_NAME = "$(TARGET_NAME)";
				SWIFT_EMIT_LOC_STRINGS = NO;
				SWIFT_VERSION = 5.0;
				TARGETED_DEVICE_FAMILY = "1,2";
				TEST_HOST = "$(BUILT_PRODUCTS_DIR)/FairyTales.app/$(BUNDLE_EXECUTABLE_FOLDER_PATH)/FairyTales";
			};
			name = Release;
		};
		866D99622BFCAEBB00E73A8F /* Debug */ = {
			isa = XCBuildConfiguration;
			buildSettings = {
				ALWAYS_SEARCH_USER_PATHS = NO;
				ASSETCATALOG_COMPILER_GENERATE_SWIFT_ASSET_SYMBOL_EXTENSIONS = YES;
				CLANG_ANALYZER_NONNULL = YES;
				CLANG_ANALYZER_NUMBER_OBJECT_CONVERSION = YES_AGGRESSIVE;
				CLANG_CXX_LANGUAGE_STANDARD = "gnu++20";
				CLANG_ENABLE_MODULES = YES;
				CLANG_ENABLE_OBJC_ARC = YES;
				CLANG_ENABLE_OBJC_WEAK = YES;
				CLANG_WARN_BLOCK_CAPTURE_AUTORELEASING = YES;
				CLANG_WARN_BOOL_CONVERSION = YES;
				CLANG_WARN_COMMA = YES;
				CLANG_WARN_CONSTANT_CONVERSION = YES;
				CLANG_WARN_DEPRECATED_OBJC_IMPLEMENTATIONS = YES;
				CLANG_WARN_DIRECT_OBJC_ISA_USAGE = YES_ERROR;
				CLANG_WARN_DOCUMENTATION_COMMENTS = YES;
				CLANG_WARN_EMPTY_BODY = YES;
				CLANG_WARN_ENUM_CONVERSION = YES;
				CLANG_WARN_INFINITE_RECURSION = YES;
				CLANG_WARN_INT_CONVERSION = YES;
				CLANG_WARN_NON_LITERAL_NULL_CONVERSION = YES;
				CLANG_WARN_OBJC_IMPLICIT_RETAIN_SELF = YES;
				CLANG_WARN_OBJC_LITERAL_CONVERSION = YES;
				CLANG_WARN_OBJC_ROOT_CLASS = YES_ERROR;
				CLANG_WARN_QUOTED_INCLUDE_IN_FRAMEWORK_HEADER = YES;
				CLANG_WARN_RANGE_LOOP_ANALYSIS = YES;
				CLANG_WARN_STRICT_PROTOTYPES = YES;
				CLANG_WARN_SUSPICIOUS_MOVE = YES;
				CLANG_WARN_UNGUARDED_AVAILABILITY = YES_AGGRESSIVE;
				CLANG_WARN_UNREACHABLE_CODE = YES;
				CLANG_WARN__DUPLICATE_METHOD_MATCH = YES;
				COPY_PHASE_STRIP = NO;
				DEBUG_INFORMATION_FORMAT = dwarf;
				ENABLE_STRICT_OBJC_MSGSEND = YES;
				ENABLE_TESTABILITY = YES;
				ENABLE_USER_SCRIPT_SANDBOXING = YES;
				GCC_C_LANGUAGE_STANDARD = gnu17;
				GCC_DYNAMIC_NO_PIC = NO;
				GCC_NO_COMMON_BLOCKS = YES;
				GCC_OPTIMIZATION_LEVEL = 0;
				GCC_PREPROCESSOR_DEFINITIONS = (
					"DEBUG=1",
					"$(inherited)",
				);
				GCC_WARN_64_TO_32_BIT_CONVERSION = YES;
				GCC_WARN_ABOUT_RETURN_TYPE = YES_ERROR;
				GCC_WARN_UNDECLARED_SELECTOR = YES;
				GCC_WARN_UNINITIALIZED_AUTOS = YES_AGGRESSIVE;
				GCC_WARN_UNUSED_FUNCTION = YES;
				GCC_WARN_UNUSED_VARIABLE = YES;
				IPHONEOS_DEPLOYMENT_TARGET = 17.4;
				LOCALIZATION_PREFERS_STRING_CATALOGS = YES;
				MTL_ENABLE_DEBUG_INFO = INCLUDE_SOURCE;
				MTL_FAST_MATH = YES;
				ONLY_ACTIVE_ARCH = YES;
				SDKROOT = iphoneos;
				SWIFT_ACTIVE_COMPILATION_CONDITIONS = "DEBUG $(inherited)";
				SWIFT_OPTIMIZATION_LEVEL = "-Onone";
			};
			name = Debug;
		};
		866D99632BFCAEBB00E73A8F /* Release */ = {
			isa = XCBuildConfiguration;
			buildSettings = {
				ALWAYS_SEARCH_USER_PATHS = NO;
				ASSETCATALOG_COMPILER_GENERATE_SWIFT_ASSET_SYMBOL_EXTENSIONS = YES;
				CLANG_ANALYZER_NONNULL = YES;
				CLANG_ANALYZER_NUMBER_OBJECT_CONVERSION = YES_AGGRESSIVE;
				CLANG_CXX_LANGUAGE_STANDARD = "gnu++20";
				CLANG_ENABLE_MODULES = YES;
				CLANG_ENABLE_OBJC_ARC = YES;
				CLANG_ENABLE_OBJC_WEAK = YES;
				CLANG_WARN_BLOCK_CAPTURE_AUTORELEASING = YES;
				CLANG_WARN_BOOL_CONVERSION = YES;
				CLANG_WARN_COMMA = YES;
				CLANG_WARN_CONSTANT_CONVERSION = YES;
				CLANG_WARN_DEPRECATED_OBJC_IMPLEMENTATIONS = YES;
				CLANG_WARN_DIRECT_OBJC_ISA_USAGE = YES_ERROR;
				CLANG_WARN_DOCUMENTATION_COMMENTS = YES;
				CLANG_WARN_EMPTY_BODY = YES;
				CLANG_WARN_ENUM_CONVERSION = YES;
				CLANG_WARN_INFINITE_RECURSION = YES;
				CLANG_WARN_INT_CONVERSION = YES;
				CLANG_WARN_NON_LITERAL_NULL_CONVERSION = YES;
				CLANG_WARN_OBJC_IMPLICIT_RETAIN_SELF = YES;
				CLANG_WARN_OBJC_LITERAL_CONVERSION = YES;
				CLANG_WARN_OBJC_ROOT_CLASS = YES_ERROR;
				CLANG_WARN_QUOTED_INCLUDE_IN_FRAMEWORK_HEADER = YES;
				CLANG_WARN_RANGE_LOOP_ANALYSIS = YES;
				CLANG_WARN_STRICT_PROTOTYPES = YES;
				CLANG_WARN_SUSPICIOUS_MOVE = YES;
				CLANG_WARN_UNGUARDED_AVAILABILITY = YES_AGGRESSIVE;
				CLANG_WARN_UNREACHABLE_CODE = YES;
				CLANG_WARN__DUPLICATE_METHOD_MATCH = YES;
				COPY_PHASE_STRIP = NO;
				DEBUG_INFORMATION_FORMAT = "dwarf-with-dsym";
				ENABLE_NS_ASSERTIONS = NO;
				ENABLE_STRICT_OBJC_MSGSEND = YES;
				ENABLE_USER_SCRIPT_SANDBOXING = YES;
				GCC_C_LANGUAGE_STANDARD = gnu17;
				GCC_NO_COMMON_BLOCKS = YES;
				GCC_WARN_64_TO_32_BIT_CONVERSION = YES;
				GCC_WARN_ABOUT_RETURN_TYPE = YES_ERROR;
				GCC_WARN_UNDECLARED_SELECTOR = YES;
				GCC_WARN_UNINITIALIZED_AUTOS = YES_AGGRESSIVE;
				GCC_WARN_UNUSED_FUNCTION = YES;
				GCC_WARN_UNUSED_VARIABLE = YES;
				IPHONEOS_DEPLOYMENT_TARGET = 17.4;
				LOCALIZATION_PREFERS_STRING_CATALOGS = YES;
				MTL_ENABLE_DEBUG_INFO = NO;
				MTL_FAST_MATH = YES;
				SDKROOT = iphoneos;
				SWIFT_COMPILATION_MODE = wholemodule;
				VALIDATE_PRODUCT = YES;
			};
			name = Release;
		};
		866D99652BFCAEBB00E73A8F /* Debug */ = {
			isa = XCBuildConfiguration;
			buildSettings = {
				ASSETCATALOG_COMPILER_APPICON_NAME = AppIcon;
				ASSETCATALOG_COMPILER_GLOBAL_ACCENT_COLOR_NAME = AccentColor;
				CODE_SIGN_STYLE = Automatic;
				CURRENT_PROJECT_VERSION = 1;
				DEVELOPMENT_ASSET_PATHS = "\"FairyTalesApp/Preview Content\"";
				ENABLE_PREVIEWS = YES;
				GENERATE_INFOPLIST_FILE = YES;
				INFOPLIST_KEY_NSMicrophoneUsageDescription = "Your microphone will be used to record your speech when you press the \"Start Recording\" button.";
				INFOPLIST_KEY_NSSpeechRecognitionUsageDescription = "Hey baby";
				INFOPLIST_KEY_UIApplicationSceneManifest_Generation = YES;
				INFOPLIST_KEY_UIApplicationSupportsIndirectInputEvents = YES;
				INFOPLIST_KEY_UILaunchScreen_Generation = YES;
				INFOPLIST_KEY_UISupportedInterfaceOrientations_iPad = "UIInterfaceOrientationPortrait UIInterfaceOrientationPortraitUpsideDown UIInterfaceOrientationLandscapeLeft UIInterfaceOrientationLandscapeRight";
				INFOPLIST_KEY_UISupportedInterfaceOrientations_iPhone = "UIInterfaceOrientationPortrait UIInterfaceOrientationLandscapeLeft UIInterfaceOrientationLandscapeRight";
				LD_RUNPATH_SEARCH_PATHS = (
					"$(inherited)",
					"@executable_path/Frameworks",
				);
				MARKETING_VERSION = 1.0;
				PRODUCT_BUNDLE_IDENTIFIER = Bravery.FairyTalesApp;
				PRODUCT_NAME = "$(TARGET_NAME)";
				SWIFT_EMIT_LOC_STRINGS = YES;
				SWIFT_VERSION = 5.0;
				TARGETED_DEVICE_FAMILY = "1,2";
			};
			name = Debug;
		};
		866D99662BFCAEBB00E73A8F /* Release */ = {
			isa = XCBuildConfiguration;
			buildSettings = {
				ASSETCATALOG_COMPILER_APPICON_NAME = AppIcon;
				ASSETCATALOG_COMPILER_GLOBAL_ACCENT_COLOR_NAME = AccentColor;
				CODE_SIGN_STYLE = Automatic;
				CURRENT_PROJECT_VERSION = 1;
				DEVELOPMENT_ASSET_PATHS = "\"FairyTalesApp/Preview Content\"";
				ENABLE_PREVIEWS = YES;
				GENERATE_INFOPLIST_FILE = YES;
				INFOPLIST_KEY_NSMicrophoneUsageDescription = "Your microphone will be used to record your speech when you press the \"Start Recording\" button.";
				INFOPLIST_KEY_NSSpeechRecognitionUsageDescription = "Hey baby";
				INFOPLIST_KEY_UIApplicationSceneManifest_Generation = YES;
				INFOPLIST_KEY_UIApplicationSupportsIndirectInputEvents = YES;
				INFOPLIST_KEY_UILaunchScreen_Generation = YES;
				INFOPLIST_KEY_UISupportedInterfaceOrientations_iPad = "UIInterfaceOrientationPortrait UIInterfaceOrientationPortraitUpsideDown UIInterfaceOrientationLandscapeLeft UIInterfaceOrientationLandscapeRight";
				INFOPLIST_KEY_UISupportedInterfaceOrientations_iPhone = "UIInterfaceOrientationPortrait UIInterfaceOrientationLandscapeLeft UIInterfaceOrientationLandscapeRight";
				LD_RUNPATH_SEARCH_PATHS = (
					"$(inherited)",
					"@executable_path/Frameworks",
				);
				MARKETING_VERSION = 1.0;
				PRODUCT_BUNDLE_IDENTIFIER = Bravery.FairyTalesApp;
				PRODUCT_NAME = "$(TARGET_NAME)";
				SWIFT_EMIT_LOC_STRINGS = YES;
				SWIFT_VERSION = 5.0;
				TARGETED_DEVICE_FAMILY = "1,2";
			};
			name = Release;
		};
/* End XCBuildConfiguration section */

/* Begin XCConfigurationList section */
		8621DE222C83AA6800242B0E /* Build configuration list for PBXNativeTarget "FairyTalesTests" */ = {
			isa = XCConfigurationList;
			buildConfigurations = (
				8621DE232C83AA6800242B0E /* Debug */,
				8621DE242C83AA6800242B0E /* Release */,
			);
			defaultConfigurationIsVisible = 0;
			defaultConfigurationName = Release;
		};
		866D99512BFCAEBA00E73A8F /* Build configuration list for PBXProject "FairyTales" */ = {
			isa = XCConfigurationList;
			buildConfigurations = (
				866D99622BFCAEBB00E73A8F /* Debug */,
				866D99632BFCAEBB00E73A8F /* Release */,
			);
			defaultConfigurationIsVisible = 0;
			defaultConfigurationName = Release;
		};
		866D99642BFCAEBB00E73A8F /* Build configuration list for PBXNativeTarget "FairyTales" */ = {
			isa = XCConfigurationList;
			buildConfigurations = (
				866D99652BFCAEBB00E73A8F /* Debug */,
				866D99662BFCAEBB00E73A8F /* Release */,
			);
			defaultConfigurationIsVisible = 0;
			defaultConfigurationName = Release;
		};
/* End XCConfigurationList section */

/* Begin XCRemoteSwiftPackageReference section */
		862163582C16EC3B0005F090 /* XCRemoteSwiftPackageReference "swift-dependencies" */ = {
			isa = XCRemoteSwiftPackageReference;
			repositoryURL = "https://github.com/pointfreeco/swift-dependencies.git";
			requirement = {
				kind = upToNextMajorVersion;
				minimumVersion = 1.3.0;
			};
		};
		863949982C85C6FB003DFBFE /* XCRemoteSwiftPackageReference "swift-composable-architecture" */ = {
			isa = XCRemoteSwiftPackageReference;
			repositoryURL = "https://github.com/pointfreeco/swift-composable-architecture";
			requirement = {
				kind = upToNextMajorVersion;
				minimumVersion = 1.14.0;
			};
		};
		865302D52C0241EF004D11C1 /* XCRemoteSwiftPackageReference "swift-overture" */ = {
			isa = XCRemoteSwiftPackageReference;
			repositoryURL = "https://github.com/pointfreeco/swift-overture";
			requirement = {
				kind = upToNextMajorVersion;
				minimumVersion = 0.5.0;
			};
		};
		867C846E2C76ADF400833E5D /* XCRemoteSwiftPackageReference "lottie-spm" */ = {
			isa = XCRemoteSwiftPackageReference;
			repositoryURL = "https://github.com/airbnb/lottie-spm.git";
			requirement = {
				kind = upToNextMajorVersion;
				minimumVersion = 4.5.0;
			};
		};
		CD5C4E072CBBF76800DBB6E2 /* XCRemoteSwiftPackageReference "swift-collections" */ = {
			isa = XCRemoteSwiftPackageReference;
			repositoryURL = "https://github.com/apple/swift-collections.git";
			requirement = {
				kind = upToNextMajorVersion;
				minimumVersion = 1.1.4;
			};
		};
/* End XCRemoteSwiftPackageReference section */

/* Begin XCSwiftPackageProductDependency section */
		862163592C16EC3B0005F090 /* Dependencies */ = {
			isa = XCSwiftPackageProductDependency;
			package = 862163582C16EC3B0005F090 /* XCRemoteSwiftPackageReference "swift-dependencies" */;
			productName = Dependencies;
		};
		8621635B2C16EC3B0005F090 /* DependenciesMacros */ = {
			isa = XCSwiftPackageProductDependency;
			package = 862163582C16EC3B0005F090 /* XCRemoteSwiftPackageReference "swift-dependencies" */;
			productName = DependenciesMacros;
		};
		863949992C85C6FB003DFBFE /* ComposableArchitecture */ = {
			isa = XCSwiftPackageProductDependency;
			package = 863949982C85C6FB003DFBFE /* XCRemoteSwiftPackageReference "swift-composable-architecture" */;
			productName = ComposableArchitecture;
		};
		865302D62C0241EF004D11C1 /* Overture */ = {
			isa = XCSwiftPackageProductDependency;
			package = 865302D52C0241EF004D11C1 /* XCRemoteSwiftPackageReference "swift-overture" */;
			productName = Overture;
		};
		867C846F2C76ADF400833E5D /* Lottie */ = {
			isa = XCSwiftPackageProductDependency;
			package = 867C846E2C76ADF400833E5D /* XCRemoteSwiftPackageReference "lottie-spm" */;
			productName = Lottie;
		};
		CD5C4E082CBBF76800DBB6E2 /* DequeModule */ = {
			isa = XCSwiftPackageProductDependency;
			package = CD5C4E072CBBF76800DBB6E2 /* XCRemoteSwiftPackageReference "swift-collections" */;
			productName = DequeModule;
		};
/* End XCSwiftPackageProductDependency section */
	};
	rootObject = 866D994E2BFCAEBA00E73A8F /* Project object */;
}
